// !$*UTF8*$!
{
	archiveVersion = 1;
	classes = {
	};
	objectVersion = 50;
	objects = {

/* Begin PBXBuildFile section */
		851E66202297A2DE0053EFB1 /* QS.cpp in Sources */ = {isa = PBXBuildFile; fileRef = 851E661E2297A2DE0053EFB1 /* QS.cpp */; };
		854226FB2297A1BC00B8CA33 /* main.cpp in Sources */ = {isa = PBXBuildFile; fileRef = 854226F72297A1BB00B8CA33 /* main.cpp */; };
		854226FD2297A1EA00B8CA33 /* check.sh in CopyFiles */ = {isa = PBXBuildFile; fileRef = 854226F62297A1BB00B8CA33 /* check.sh */; };
		854226FE2297A1EA00B8CA33 /* file1.txt in CopyFiles */ = {isa = PBXBuildFile; fileRef = 854226F92297A1BC00B8CA33 /* file1.txt */; };
		854226FF2297A1EA00B8CA33 /* file2.txt in CopyFiles */ = {isa = PBXBuildFile; fileRef = 854226F82297A1BC00B8CA33 /* file2.txt */; };
		854227002297A1EA00B8CA33 /* file3.txt in CopyFiles */ = {isa = PBXBuildFile; fileRef = 854226F32297A1BB00B8CA33 /* file3.txt */; };
		854227012297A1EA00B8CA33 /* file4.txt in CopyFiles */ = {isa = PBXBuildFile; fileRef = 854226F12297A1BB00B8CA33 /* file4.txt */; };
		854227022297A1EA00B8CA33 /* file5.txt in CopyFiles */ = {isa = PBXBuildFile; fileRef = 854226F02297A1BB00B8CA33 /* file5.txt */; };
		854227032297A1EA00B8CA33 /* key_file1.txt in CopyFiles */ = {isa = PBXBuildFile; fileRef = 854226FA2297A1BC00B8CA33 /* key_file1.txt */; };
		854227042297A1EA00B8CA33 /* key_file2.txt in CopyFiles */ = {isa = PBXBuildFile; fileRef = 854226F22297A1BB00B8CA33 /* key_file2.txt */; };
		854227052297A1EA00B8CA33 /* key_file3.txt in CopyFiles */ = {isa = PBXBuildFile; fileRef = 854226ED2297A1BB00B8CA33 /* key_file3.txt */; };
		854227062297A1EA00B8CA33 /* key_file4.txt in CopyFiles */ = {isa = PBXBuildFile; fileRef = 854226F52297A1BB00B8CA33 /* key_file4.txt */; };
		854227072297A1EA00B8CA33 /* key_file5.txt in CopyFiles */ = {isa = PBXBuildFile; fileRef = 854226EE2297A1BB00B8CA33 /* key_file5.txt */; };
/* End PBXBuildFile section */

/* Begin PBXCopyFilesBuildPhase section */
		854226E122979FBF00B8CA33 /* CopyFiles */ = {
			isa = PBXCopyFilesBuildPhase;
			buildActionMask = 12;
			dstPath = "";
			dstSubfolderSpec = 16;
			files = (
				854226FD2297A1EA00B8CA33 /* check.sh in CopyFiles */,
				854226FE2297A1EA00B8CA33 /* file1.txt in CopyFiles */,
				854226FF2297A1EA00B8CA33 /* file2.txt in CopyFiles */,
				854227002297A1EA00B8CA33 /* file3.txt in CopyFiles */,
				854227012297A1EA00B8CA33 /* file4.txt in CopyFiles */,
				854227022297A1EA00B8CA33 /* file5.txt in CopyFiles */,
				854227032297A1EA00B8CA33 /* key_file1.txt in CopyFiles */,
				854227042297A1EA00B8CA33 /* key_file2.txt in CopyFiles */,
				854227052297A1EA00B8CA33 /* key_file3.txt in CopyFiles */,
				854227062297A1EA00B8CA33 /* key_file4.txt in CopyFiles */,
				854227072297A1EA00B8CA33 /* key_file5.txt in CopyFiles */,
			);
			runOnlyForDeploymentPostprocessing = 0;
		};
/* End PBXCopyFilesBuildPhase section */

/* Begin PBXFileReference section */
		851E661E2297A2DE0053EFB1 /* QS.cpp */ = {isa = PBXFileReference; fileEncoding = 4; lastKnownFileType = sourcecode.cpp.cpp; path = QS.cpp; sourceTree = "<group>"; };
		851E661F2297A2DE0053EFB1 /* QS.h */ = {isa = PBXFileReference; fileEncoding = 4; lastKnownFileType = sourcecode.c.h; path = QS.h; sourceTree = "<group>"; };
		854226E322979FBF00B8CA33 /* Lab5-Quicksort */ = {isa = PBXFileReference; explicitFileType = "compiled.mach-o.executable"; includeInIndex = 0; path = "Lab5-Quicksort"; sourceTree = BUILT_PRODUCTS_DIR; };
		854226ED2297A1BB00B8CA33 /* key_file3.txt */ = {isa = PBXFileReference; fileEncoding = 4; lastKnownFileType = text; path = key_file3.txt; sourceTree = "<group>"; };
		854226EE2297A1BB00B8CA33 /* key_file5.txt */ = {isa = PBXFileReference; fileEncoding = 4; lastKnownFileType = text; path = key_file5.txt; sourceTree = "<group>"; };
		854226EF2297A1BB00B8CA33 /* README.md */ = {isa = PBXFileReference; fileEncoding = 4; lastKnownFileType = net.daringfireball.markdown; path = README.md; sourceTree = "<group>"; };
		854226F02297A1BB00B8CA33 /* file5.txt */ = {isa = PBXFileReference; fileEncoding = 4; lastKnownFileType = text; path = file5.txt; sourceTree = "<group>"; };
		854226F12297A1BB00B8CA33 /* file4.txt */ = {isa = PBXFileReference; fileEncoding = 4; lastKnownFileType = text; path = file4.txt; sourceTree = "<group>"; };
		854226F22297A1BB00B8CA33 /* key_file2.txt */ = {isa = PBXFileReference; fileEncoding = 4; lastKnownFileType = text; path = key_file2.txt; sourceTree = "<group>"; };
		854226F32297A1BB00B8CA33 /* file3.txt */ = {isa = PBXFileReference; fileEncoding = 4; lastKnownFileType = text; path = file3.txt; sourceTree = "<group>"; };
		854226F42297A1BB00B8CA33 /* QSInterface.h */ = {isa = PBXFileReference; fileEncoding = 4; lastKnownFileType = sourcecode.c.h; path = QSInterface.h; sourceTree = "<group>"; };
		854226F52297A1BB00B8CA33 /* key_file4.txt */ = {isa = PBXFileReference; fileEncoding = 4; lastKnownFileType = text; path = key_file4.txt; sourceTree = "<group>"; };
		854226F62297A1BB00B8CA33 /* check.sh */ = {isa = PBXFileReference; fileEncoding = 4; lastKnownFileType = text.script.sh; path = check.sh; sourceTree = "<group>"; };
		854226F72297A1BB00B8CA33 /* main.cpp */ = {isa = PBXFileReference; fileEncoding = 4; lastKnownFileType = sourcecode.cpp.cpp; path = main.cpp; sourceTree = "<group>"; };
		854226F82297A1BC00B8CA33 /* file2.txt */ = {isa = PBXFileReference; fileEncoding = 4; lastKnownFileType = text; path = file2.txt; sourceTree = "<group>"; };
		854226F92297A1BC00B8CA33 /* file1.txt */ = {isa = PBXFileReference; fileEncoding = 4; lastKnownFileType = text; path = file1.txt; sourceTree = "<group>"; };
		854226FA2297A1BC00B8CA33 /* key_file1.txt */ = {isa = PBXFileReference; fileEncoding = 4; lastKnownFileType = text; path = key_file1.txt; sourceTree = "<group>"; };
/* End PBXFileReference section */

/* Begin PBXFrameworksBuildPhase section */
		854226E022979FBF00B8CA33 /* Frameworks */ = {
			isa = PBXFrameworksBuildPhase;
			buildActionMask = 2147483647;
			files = (
			);
			runOnlyForDeploymentPostprocessing = 0;
		};
/* End PBXFrameworksBuildPhase section */

/* Begin PBXGroup section */
		854226DA22979FBF00B8CA33 = {
			isa = PBXGroup;
			children = (
				854226E522979FBF00B8CA33 /* Lab5-Quicksort */,
				854226E422979FBF00B8CA33 /* Products */,
			);
			sourceTree = "<group>";
		};
		854226E422979FBF00B8CA33 /* Products */ = {
			isa = PBXGroup;
			children = (
				854226E322979FBF00B8CA33 /* Lab5-Quicksort */,
			);
			name = Products;
			sourceTree = "<group>";
		};
		854226E522979FBF00B8CA33 /* Lab5-Quicksort */ = {
			isa = PBXGroup;
			children = (
				854226FC2297A1CB00B8CA33 /* External */,
				854226F72297A1BB00B8CA33 /* main.cpp */,
				851E661F2297A2DE0053EFB1 /* QS.h */,
				851E661E2297A2DE0053EFB1 /* QS.cpp */,
				854226F42297A1BB00B8CA33 /* QSInterface.h */,
				854226EF2297A1BB00B8CA33 /* README.md */,
			);
			path = "Lab5-Quicksort";
			sourceTree = "<group>";
		};
		854226FC2297A1CB00B8CA33 /* External */ = {
			isa = PBXGroup;
			children = (
				854226F62297A1BB00B8CA33 /* check.sh */,
				854226F92297A1BC00B8CA33 /* file1.txt */,
				854226F82297A1BC00B8CA33 /* file2.txt */,
				854226F32297A1BB00B8CA33 /* file3.txt */,
				854226F12297A1BB00B8CA33 /* file4.txt */,
				854226F02297A1BB00B8CA33 /* file5.txt */,
				854226FA2297A1BC00B8CA33 /* key_file1.txt */,
				854226F22297A1BB00B8CA33 /* key_file2.txt */,
				854226ED2297A1BB00B8CA33 /* key_file3.txt */,
				854226F52297A1BB00B8CA33 /* key_file4.txt */,
				854226EE2297A1BB00B8CA33 /* key_file5.txt */,
			);
			name = External;
			sourceTree = "<group>";
		};
/* End PBXGroup section */

/* Begin PBXNativeTarget section */
		854226E222979FBF00B8CA33 /* Lab5-Quicksort */ = {
			isa = PBXNativeTarget;
			buildConfigurationList = 854226EA22979FBF00B8CA33 /* Build configuration list for PBXNativeTarget "Lab5-Quicksort" */;
			buildPhases = (
				854226DF22979FBF00B8CA33 /* Sources */,
				854226E022979FBF00B8CA33 /* Frameworks */,
				854226E122979FBF00B8CA33 /* CopyFiles */,
			);
			buildRules = (
			);
			dependencies = (
			);
			name = "Lab5-Quicksort";
			productName = "Lab5-Quicksort";
			productReference = 854226E322979FBF00B8CA33 /* Lab5-Quicksort */;
			productType = "com.apple.product-type.tool";
		};
/* End PBXNativeTarget section */

/* Begin PBXProject section */
		854226DB22979FBF00B8CA33 /* Project object */ = {
			isa = PBXProject;
			attributes = {
				LastUpgradeCheck = 1020;
				ORGANIZATIONNAME = "James Robinson";
				TargetAttributes = {
					854226E222979FBF00B8CA33 = {
						CreatedOnToolsVersion = 10.2.1;
					};
				};
			};
			buildConfigurationList = 854226DE22979FBF00B8CA33 /* Build configuration list for PBXProject "Lab5-Quicksort" */;
			compatibilityVersion = "Xcode 9.3";
			developmentRegion = en;
			hasScannedForEncodings = 0;
			knownRegions = (
				en,
			);
			mainGroup = 854226DA22979FBF00B8CA33;
			productRefGroup = 854226E422979FBF00B8CA33 /* Products */;
			projectDirPath = "";
			projectRoot = "";
			targets = (
				854226E222979FBF00B8CA33 /* Lab5-Quicksort */,
			);
		};
/* End PBXProject section */

/* Begin PBXSourcesBuildPhase section */
		854226DF22979FBF00B8CA33 /* Sources */ = {
			isa = PBXSourcesBuildPhase;
			buildActionMask = 2147483647;
			files = (
				854226FB2297A1BC00B8CA33 /* main.cpp in Sources */,
				851E66202297A2DE0053EFB1 /* QS.cpp in Sources */,
			);
			runOnlyForDeploymentPostprocessing = 0;
		};
/* End PBXSourcesBuildPhase section */

/* Begin XCBuildConfiguration section */
		854226E822979FBF00B8CA33 /* Debug */ = {
			isa = XCBuildConfiguration;
			buildSettings = {
				ALWAYS_SEARCH_USER_PATHS = NO;
				CLANG_ANALYZER_NONNULL = YES;
				CLANG_ANALYZER_NUMBER_OBJECT_CONVERSION = YES_AGGRESSIVE;
				CLANG_CXX_LANGUAGE_STANDARD = "gnu++14";
				CLANG_CXX_LIBRARY = "libc++";
				CLANG_ENABLE_MODULES = YES;
				CLANG_ENABLE_OBJC_ARC = YES;
				CLANG_ENABLE_OBJC_WEAK = YES;
				CLANG_WARN_BLOCK_CAPTURE_AUTORELEASING = YES;
				CLANG_WARN_BOOL_CONVERSION = YES;
				CLANG_WARN_COMMA = YES;
				CLANG_WARN_CONSTANT_CONVERSION = YES;
				CLANG_WARN_DEPRECATED_OBJC_IMPLEMENTATIONS = YES;
				CLANG_WARN_DIRECT_OBJC_ISA_USAGE = YES_ERROR;
				CLANG_WARN_DOCUMENTATION_COMMENTS = YES;
				CLANG_WARN_EMPTY_BODY = YES;
				CLANG_WARN_ENUM_CONVERSION = YES;
				CLANG_WARN_INFINITE_RECURSION = YES;
				CLANG_WARN_INT_CONVERSION = YES;
				CLANG_WARN_NON_LITERAL_NULL_CONVERSION = YES;
				CLANG_WARN_OBJC_IMPLICIT_RETAIN_SELF = YES;
				CLANG_WARN_OBJC_LITERAL_CONVERSION = YES;
				CLANG_WARN_OBJC_ROOT_CLASS = YES_ERROR;
				CLANG_WARN_RANGE_LOOP_ANALYSIS = YES;
				CLANG_WARN_STRICT_PROTOTYPES = YES;
				CLANG_WARN_SUSPICIOUS_MOVE = YES;
				CLANG_WARN_UNGUARDED_AVAILABILITY = YES_AGGRESSIVE;
				CLANG_WARN_UNREACHABLE_CODE = YES;
				CLANG_WARN__DUPLICATE_METHOD_MATCH = YES;
				CODE_SIGN_IDENTITY = "-";
				COPY_PHASE_STRIP = NO;
				DEBUG_INFORMATION_FORMAT = dwarf;
				ENABLE_STRICT_OBJC_MSGSEND = YES;
				ENABLE_TESTABILITY = YES;
				GCC_C_LANGUAGE_STANDARD = gnu11;
				GCC_DYNAMIC_NO_PIC = NO;
				GCC_NO_COMMON_BLOCKS = YES;
				GCC_OPTIMIZATION_LEVEL = 0;
				GCC_PREPROCESSOR_DEFINITIONS = (
					"DEBUG=1",
					"$(inherited)",
				);
				GCC_WARN_64_TO_32_BIT_CONVERSION = YES;
				GCC_WARN_ABOUT_RETURN_TYPE = YES_ERROR;
				GCC_WARN_UNDECLARED_SELECTOR = YES;
				GCC_WARN_UNINITIALIZED_AUTOS = YES_AGGRESSIVE;
				GCC_WARN_UNUSED_FUNCTION = YES;
				GCC_WARN_UNUSED_VARIABLE = YES;
				MACOSX_DEPLOYMENT_TARGET = 10.14;
				MTL_ENABLE_DEBUG_INFO = INCLUDE_SOURCE;
				MTL_FAST_MATH = YES;
				ONLY_ACTIVE_ARCH = YES;
				SDKROOT = macosx;
			};
			name = Debug;
		};
		854226E922979FBF00B8CA33 /* Release */ = {
			isa = XCBuildConfiguration;
			buildSettings = {
				ALWAYS_SEARCH_USER_PATHS = NO;
				CLANG_ANALYZER_NONNULL = YES;
				CLANG_ANALYZER_NUMBER_OBJECT_CONVERSION = YES_AGGRESSIVE;
				CLANG_CXX_LANGUAGE_STANDARD = "gnu++14";
				CLANG_CXX_LIBRARY = "libc++";
				CLANG_ENABLE_MODULES = YES;
				CLANG_ENABLE_OBJC_ARC = YES;
				CLANG_ENABLE_OBJC_WEAK = YES;
				CLANG_WARN_BLOCK_CAPTURE_AUTORELEASING = YES;
				CLANG_WARN_BOOL_CONVERSION = YES;
				CLANG_WARN_COMMA = YES;
				CLANG_WARN_CONSTANT_CONVERSION = YES;
				CLANG_WARN_DEPRECATED_OBJC_IMPLEMENTATIONS = YES;
				CLANG_WARN_DIRECT_OBJC_ISA_USAGE = YES_ERROR;
				CLANG_WARN_DOCUMENTATION_COMMENTS = YES;
				CLANG_WARN_EMPTY_BODY = YES;
				CLANG_WARN_ENUM_CONVERSION = YES;
				CLANG_WARN_INFINITE_RECURSION = YES;
				CLANG_WARN_INT_CONVERSION = YES;
				CLANG_WARN_NON_LITERAL_NULL_CONVERSION = YES;
				CLANG_WARN_OBJC_IMPLICIT_RETAIN_SELF = YES;
				CLANG_WARN_OBJC_LITERAL_CONVERSION = YES;
				CLANG_WARN_OBJC_ROOT_CLASS = YES_ERROR;
				CLANG_WARN_RANGE_LOOP_ANALYSIS = YES;
				CLANG_WARN_STRICT_PROTOTYPES = YES;
				CLANG_WARN_SUSPICIOUS_MOVE = YES;
				CLANG_WARN_UNGUARDED_AVAILABILITY = YES_AGGRESSIVE;
				CLANG_WARN_UNREACHABLE_CODE = YES;
				CLANG_WARN__DUPLICATE_METHOD_MATCH = YES;
				CODE_SIGN_IDENTITY = "-";
				COPY_PHASE_STRIP = NO;
				DEBUG_INFORMATION_FORMAT = "dwarf-with-dsym";
				ENABLE_NS_ASSERTIONS = NO;
				ENABLE_STRICT_OBJC_MSGSEND = YES;
				GCC_C_LANGUAGE_STANDARD = gnu11;
				GCC_NO_COMMON_BLOCKS = YES;
				GCC_WARN_64_TO_32_BIT_CONVERSION = YES;
				GCC_WARN_ABOUT_RETURN_TYPE = YES_ERROR;
				GCC_WARN_UNDECLARED_SELECTOR = YES;
				GCC_WARN_UNINITIALIZED_AUTOS = YES_AGGRESSIVE;
				GCC_WARN_UNUSED_FUNCTION = YES;
				GCC_WARN_UNUSED_VARIABLE = YES;
				MACOSX_DEPLOYMENT_TARGET = 10.14;
				MTL_ENABLE_DEBUG_INFO = NO;
				MTL_FAST_MATH = YES;
				SDKROOT = macosx;
			};
			name = Release;
		};
		854226EB22979FBF00B8CA33 /* Debug */ = {
			isa = XCBuildConfiguration;
			buildSettings = {
				CODE_SIGN_STYLE = Automatic;
				PRODUCT_NAME = "$(TARGET_NAME)";
			};
			name = Debug;
		};
		854226EC22979FBF00B8CA33 /* Release */ = {
			isa = XCBuildConfiguration;
			buildSettings = {
				CODE_SIGN_STYLE = Automatic;
				PRODUCT_NAME = "$(TARGET_NAME)";
			};
			name = Release;
		};
/* End XCBuildConfiguration section */

/* Begin XCConfigurationList section */
		854226DE22979FBF00B8CA33 /* Build configuration list for PBXProject "Lab5-Quicksort" */ = {
			isa = XCConfigurationList;
			buildConfigurations = (
				854226E822979FBF00B8CA33 /* Debug */,
				854226E922979FBF00B8CA33 /* Release */,
			);
			defaultConfigurationIsVisible = 0;
			defaultConfigurationName = Release;
		};
		854226EA22979FBF00B8CA33 /* Build configuration list for PBXNativeTarget "Lab5-Quicksort" */ = {
			isa = XCConfigurationList;
			buildConfigurations = (
				854226EB22979FBF00B8CA33 /* Debug */,
				854226EC22979FBF00B8CA33 /* Release */,
			);
			defaultConfigurationIsVisible = 0;
			defaultConfigurationName = Release;
		};
/* End XCConfigurationList section */
	};
	rootObject = 854226DB22979FBF00B8CA33 /* Project object */;
}
